
Microsoft Visual Studio Solution File, Format Version 12.00
# Visual Studio Version 17
VisualStudioVersion = 17.12.35527.113
MinimumVisualStudioVersion = 10.0.40219.1
Project("{FAE04EC0-301F-11D3-BF4B-00C04F79EFBC}") = "Credo.ClassPrinter", "Credo.ClassPrinter\Credo.ClassPrinter.csproj", "{8352DB83-4684-4CC2-A518-174C42B1F55F}"
EndProject
Project("{FAE04EC0-301F-11D3-BF4B-00C04F79EFBC}") = "Credo.ClassPrinter.BusinessLogic", "Credo.ClassPrinter.BL\Credo.ClassPrinter.BusinessLogic.csproj", "{15D7E0CE-5934-41FE-8953-8EE68CBF4869}"
EndProject
Project("{FAE04EC0-301F-11D3-BF4B-00C04F79EFBC}") = "Credo.ClassPrinter.BusinessLogic.Interfaces", "Credo.ClassPrinter.BusinessLogic.Interfaces\Credo.ClassPrinter.BusinessLogic.Interfaces.csproj", "{7C77852F-165E-4DC3-96D8-B0F4F737CBBE}"
EndProject
Project("{FAE04EC0-301F-11D3-BF4B-00C04F79EFBC}") = "Credo.ClassPrinter.Tests", "Credo.ClassPrinter.Tests\Credo.ClassPrinter.Tests.csproj", "{A20989C9-5B97-47EB-9E93-44314EE1DC94}"
EndProject
Project("{FAE04EC0-301F-11D3-BF4B-00C04F79EFBC}") = "Credo.ClassPrinter.DataContracts", "Credo.ClassPrinter.DataContracts\Credo.ClassPrinter.DataContracts.csproj", "{10F1F99D-6FF1-43B2-8AC6-840F979761E8}"
EndProject
Global
	GlobalSection(SolutionConfigurationPlatforms) = preSolution
		Debug|Any CPU = Debug|Any CPU
		Release|Any CPU = Release|Any CPU
	EndGlobalSection
	GlobalSection(ProjectConfigurationPlatforms) = postSolution
		{8352DB83-4684-4CC2-A518-174C42B1F55F}.Debug|Any CPU.ActiveCfg = Debug|Any CPU
		{8352DB83-4684-4CC2-A518-174C42B1F55F}.Debug|Any CPU.Build.0 = Debug|Any CPU
		{8352DB83-4684-4CC2-A518-174C42B1F55F}.Release|Any CPU.ActiveCfg = Release|Any CPU
		{8352DB83-4684-4CC2-A518-174C42B1F55F}.Release|Any CPU.Build.0 = Release|Any CPU
		{15D7E0CE-5934-41FE-8953-8EE68CBF4869}.Debug|Any CPU.ActiveCfg = Debug|Any CPU
		{15D7E0CE-5934-41FE-8953-8EE68CBF4869}.Debug|Any CPU.Build.0 = Debug|Any CPU
		{15D7E0CE-5934-41FE-8953-8EE68CBF4869}.Release|Any CPU.ActiveCfg = Release|Any CPU
		{15D7E0CE-5934-41FE-8953-8EE68CBF4869}.Release|Any CPU.Build.0 = Release|Any CPU
		{7C77852F-165E-4DC3-96D8-B0F4F737CBBE}.Debug|Any CPU.ActiveCfg = Debug|Any CPU
		{7C77852F-165E-4DC3-96D8-B0F4F737CBBE}.Debug|Any CPU.Build.0 = Debug|Any CPU
		{7C77852F-165E-4DC3-96D8-B0F4F737CBBE}.Release|Any CPU.ActiveCfg = Release|Any CPU
		{7C77852F-165E-4DC3-96D8-B0F4F737CBBE}.Release|Any CPU.Build.0 = Release|Any CPU
		{A20989C9-5B97-47EB-9E93-44314EE1DC94}.Debug|Any CPU.ActiveCfg = Debug|Any CPU
		{A20989C9-5B97-47EB-9E93-44314EE1DC94}.Debug|Any CPU.Build.0 = Debug|Any CPU
		{A20989C9-5B97-47EB-9E93-44314EE1DC94}.Release|Any CPU.ActiveCfg = Release|Any CPU
		{A20989C9-5B97-47EB-9E93-44314EE1DC94}.Release|Any CPU.Build.0 = Release|Any CPU
		{10F1F99D-6FF1-43B2-8AC6-840F979761E8}.Debug|Any CPU.ActiveCfg = Debug|Any CPU
		{10F1F99D-6FF1-43B2-8AC6-840F979761E8}.Debug|Any CPU.Build.0 = Debug|Any CPU
		{10F1F99D-6FF1-43B2-8AC6-840F979761E8}.Release|Any CPU.ActiveCfg = Release|Any CPU
		{10F1F99D-6FF1-43B2-8AC6-840F979761E8}.Release|Any CPU.Build.0 = Release|Any CPU
	EndGlobalSection
	GlobalSection(SolutionProperties) = preSolution
		HideSolutionNode = FALSE
	EndGlobalSection
EndGlobal
